
Microsoft Visual Studio Solution File, Format Version 12.00
# Visual Studio 15
VisualStudioVersion = 15.0.28307.960
MinimumVisualStudioVersion = 10.0.40219.1
Project("{9A19103F-16F7-4668-BE54-9A1E7A4F7556}") = "Api.Controllers", "AmericaVirtual\Api.Controllers.csproj", "{6A0A5E92-5E89-46A4-9B04-71646106765C}"
EndProject
Project("{9A19103F-16F7-4668-BE54-9A1E7A4F7556}") = "Api.Data", "Data\Api.Data.csproj", "{9EDC4076-8A94-4DFF-9C37-49E043104B98}"
EndProject
Project("{9A19103F-16F7-4668-BE54-9A1E7A4F7556}") = "Api.Core", "Core\Api.Core.csproj", "{1BEC1314-4ED2-46F6-8F4C-1EA47FA9CB1A}"
EndProject
Project("{2150E333-8FDC-42A3-9474-1A3956D46DE8}") = "Core", "Core", "{5B716FBB-724E-4536-B3DC-39B377340AF8}"
EndProject
Project("{2150E333-8FDC-42A3-9474-1A3956D46DE8}") = "API", "API", "{C456CEF5-35AB-45F9-9A43-9E0C898DBBA6}"
EndProject
Project("{2150E333-8FDC-42A3-9474-1A3956D46DE8}") = "Data", "Data", "{B6AB2B5D-5A1B-4159-BF3D-256AF5FDF3F9}"
EndProject
Project("{9A19103F-16F7-4668-BE54-9A1E7A4F7556}") = "Api.Core.Model", "Api.Core.Model\Api.Core.Model.csproj", "{EB91DC89-4429-4086-9EEF-6560EB03E639}"
EndProject
Project("{2150E333-8FDC-42A3-9474-1A3956D46DE8}") = "DataBase", "DataBase", "{5C75DBA1-71C6-4602-8E07-8A6B74C4F0C3}"
EndProject
Project("{2150E333-8FDC-42A3-9474-1A3956D46DE8}") = "Tables", "Tables", "{6CFD54E0-F44A-4FE1-AE0B-4A027DEAEC97}"
EndProject
Project("{2150E333-8FDC-42A3-9474-1A3956D46DE8}") = "Stored Procedures", "Stored Procedures", "{38D8BBA7-FAC6-41CE-88DF-7C00501BF8D4}"
	ProjectSection(SolutionItems) = preProject
		Data\Data\Products_GetPaginatedProducts.sql = Data\Data\Products_GetPaginatedProducts.sql
	EndProjectSection
EndProject
Project("{2150E333-8FDC-42A3-9474-1A3956D46DE8}") = "Data", "Data", "{23F53ED7-6AF1-4DB1-A6F7-DC904290FE6C}"
EndProject
Global
	GlobalSection(SolutionConfigurationPlatforms) = preSolution
		Debug|Any CPU = Debug|Any CPU
		Release|Any CPU = Release|Any CPU
	EndGlobalSection
	GlobalSection(ProjectConfigurationPlatforms) = postSolution
		{6A0A5E92-5E89-46A4-9B04-71646106765C}.Debug|Any CPU.ActiveCfg = Debug|Any CPU
		{6A0A5E92-5E89-46A4-9B04-71646106765C}.Debug|Any CPU.Build.0 = Debug|Any CPU
		{6A0A5E92-5E89-46A4-9B04-71646106765C}.Release|Any CPU.ActiveCfg = Release|Any CPU
		{6A0A5E92-5E89-46A4-9B04-71646106765C}.Release|Any CPU.Build.0 = Release|Any CPU
		{9EDC4076-8A94-4DFF-9C37-49E043104B98}.Debug|Any CPU.ActiveCfg = Debug|Any CPU
		{9EDC4076-8A94-4DFF-9C37-49E043104B98}.Debug|Any CPU.Build.0 = Debug|Any CPU
		{9EDC4076-8A94-4DFF-9C37-49E043104B98}.Release|Any CPU.ActiveCfg = Release|Any CPU
		{9EDC4076-8A94-4DFF-9C37-49E043104B98}.Release|Any CPU.Build.0 = Release|Any CPU
		{1BEC1314-4ED2-46F6-8F4C-1EA47FA9CB1A}.Debug|Any CPU.ActiveCfg = Debug|Any CPU
		{1BEC1314-4ED2-46F6-8F4C-1EA47FA9CB1A}.Debug|Any CPU.Build.0 = Debug|Any CPU
		{1BEC1314-4ED2-46F6-8F4C-1EA47FA9CB1A}.Release|Any CPU.ActiveCfg = Release|Any CPU
		{1BEC1314-4ED2-46F6-8F4C-1EA47FA9CB1A}.Release|Any CPU.Build.0 = Release|Any CPU
		{EB91DC89-4429-4086-9EEF-6560EB03E639}.Debug|Any CPU.ActiveCfg = Debug|Any CPU
		{EB91DC89-4429-4086-9EEF-6560EB03E639}.Debug|Any CPU.Build.0 = Debug|Any CPU
		{EB91DC89-4429-4086-9EEF-6560EB03E639}.Release|Any CPU.ActiveCfg = Release|Any CPU
		{EB91DC89-4429-4086-9EEF-6560EB03E639}.Release|Any CPU.Build.0 = Release|Any CPU
	EndGlobalSection
	GlobalSection(SolutionProperties) = preSolution
		HideSolutionNode = FALSE
	EndGlobalSection
	GlobalSection(NestedProjects) = preSolution
		{6A0A5E92-5E89-46A4-9B04-71646106765C} = {C456CEF5-35AB-45F9-9A43-9E0C898DBBA6}
		{9EDC4076-8A94-4DFF-9C37-49E043104B98} = {B6AB2B5D-5A1B-4159-BF3D-256AF5FDF3F9}
		{1BEC1314-4ED2-46F6-8F4C-1EA47FA9CB1A} = {5B716FBB-724E-4536-B3DC-39B377340AF8}
		{EB91DC89-4429-4086-9EEF-6560EB03E639} = {5B716FBB-724E-4536-B3DC-39B377340AF8}
		{5C75DBA1-71C6-4602-8E07-8A6B74C4F0C3} = {B6AB2B5D-5A1B-4159-BF3D-256AF5FDF3F9}
		{6CFD54E0-F44A-4FE1-AE0B-4A027DEAEC97} = {5C75DBA1-71C6-4602-8E07-8A6B74C4F0C3}
		{38D8BBA7-FAC6-41CE-88DF-7C00501BF8D4} = {5C75DBA1-71C6-4602-8E07-8A6B74C4F0C3}
		{23F53ED7-6AF1-4DB1-A6F7-DC904290FE6C} = {5C75DBA1-71C6-4602-8E07-8A6B74C4F0C3}
	EndGlobalSection
	GlobalSection(ExtensibilityGlobals) = postSolution
		SolutionGuid = {E5F79FB0-F95D-4F80-863A-A7DF32FEFD4F}
	EndGlobalSection
EndGlobal
